Microsoft Visual Studio Solution File, Format Version 12.00
# Visual Studio Version 17
VisualStudioVersion = 17.5.2.0
MinimumVisualStudioVersion = 10.0.40219.1
Project("{FAE04EC0-301F-11D3-BF4B-00C04F79EFBC}") = "auroradl", "AuroraDL\\auroradl.csproj", "{3DE6F247-F0AA-9116-3487-C6F63DD7A86E}"
EndProject
Global
	GlobalSection(SolutionConfigurationPlatforms) = preSolution
		Debug|Any CPU = Debug|Any CPU
		Release|Any CPU = Release|Any CPU
	EndGlobalSection
	GlobalSection(ProjectConfigurationPlatforms) = postSolution
		{3DE6F247-F0AA-9116-3487-C6F63DD7A86E}.Debug|Any CPU.ActiveCfg = Debug|Any CPU
		{3DE6F247-F0AA-9116-3487-C6F63DD7A86E}.Debug|Any CPU.Build.0 = Debug|Any CPU
		{3DE6F247-F0AA-9116-3487-C6F63DD7A86E}.Release|Any CPU.ActiveCfg = Release|Any CPU
		{3DE6F247-F0AA-9116-3487-C6F63DD7A86E}.Release|Any CPU.Build.0 = Release|Any CPU
	EndGlobalSection
	GlobalSection(SolutionProperties) = preSolution
		HideSolutionNode = FALSE
	EndGlobalSection
	GlobalSection(ExtensibilityGlobals) = postSolution
		SolutionGuid = {7D03DD29-CFA6-4217-A769-32C182D84924}
	EndGlobalSection
EndGlobal
